
Microsoft Visual Studio Solution File, Format Version 12.00
# Visual Studio 15
VisualStudioVersion = 15.0.27703.2026
MinimumVisualStudioVersion = 10.0.40219.1
Project("{FAE04EC0-301F-11D3-BF4B-00C04F79EFBC}") = "SNSPublisher", "SNSPublisher\SNSPublisher.csproj", "{A6DE0B2B-9317-483E-8C2F-DD4605F95643}"
EndProject
Project("{FAE04EC0-301F-11D3-BF4B-00C04F79EFBC}") = "SNSPublisherCA", "SNSPublisherCA\SNSPublisherCA.csproj", "{4D427523-94B9-489E-B3D0-3EF6CACE5CFA}"
EndProject
Global
	GlobalSection(SolutionConfigurationPlatforms) = preSolution
		Debug|Any CPU = Debug|Any CPU
		Release|Any CPU = Release|Any CPU
	EndGlobalSection
	GlobalSection(ProjectConfigurationPlatforms) = postSolution
		{A6DE0B2B-9317-483E-8C2F-DD4605F95643}.Debug|Any CPU.ActiveCfg = Debug|Any CPU
		{A6DE0B2B-9317-483E-8C2F-DD4605F95643}.Debug|Any CPU.Build.0 = Debug|Any CPU
		{A6DE0B2B-9317-483E-8C2F-DD4605F95643}.Release|Any CPU.ActiveCfg = Release|Any CPU
		{A6DE0B2B-9317-483E-8C2F-DD4605F95643}.Release|Any CPU.Build.0 = Release|Any CPU
		{4D427523-94B9-489E-B3D0-3EF6CACE5CFA}.Debug|Any CPU.ActiveCfg = Debug|Any CPU
		{4D427523-94B9-489E-B3D0-3EF6CACE5CFA}.Debug|Any CPU.Build.0 = Debug|Any CPU
		{4D427523-94B9-489E-B3D0-3EF6CACE5CFA}.Release|Any CPU.ActiveCfg = Release|Any CPU
		{4D427523-94B9-489E-B3D0-3EF6CACE5CFA}.Release|Any CPU.Build.0 = Release|Any CPU
	EndGlobalSection
	GlobalSection(SolutionProperties) = preSolution
		HideSolutionNode = FALSE
	EndGlobalSection
	GlobalSection(ExtensibilityGlobals) = postSolution
		SolutionGuid = {0EB2977A-E01A-47C6-8BF2-63CD4557FDA4}
	EndGlobalSection
EndGlobal
